---
label: CardBlock
hide_body: true
display_field: title
fields:
- name: title
  type: text
  config:
    required: true
  label: Title
- name: subtitle
  type: text
  config:
    required: false
  label: Subtitle
- name: cards
  type: field_group_list
  fields:
  - name: title
    type: text
    config:
      required: true
    label: Title
  - name: content
    type: textarea
    default: ''
    config:
      required: true
      wysiwyg: true
      schema:
        format: markdown
    label: Content
  - name: cta
    type: field_group
    config: {}
    fields:
    - name: text
      type: text
      config:
        required: true
      label: Text
    - name: url
      type: text
      config:
        required: true
      label: URL
    - name: primary
      type: boolean
      label: Primary
    label: Call to action
  config:
    min: 
    max: 
    labelField: title
  label: Cards
- name: ctas
  type: field_group_list
  fields:
  - name: text
    type: text
    config:
      required: true
    label: Text
  - name: url
    type: text
    config:
      required: true
    label: URL
  - name: primary
    type: boolean
    label: Primary
  config:
    min: 
    max: 
    labelField: 
  label: Calls to Action
