---
label: TextBlock
hide_body: true
display_field: title
fields:
- name: theme
  type: select
  default: white
  config:
    required: true
    options:
    - white
    - primary
    source:
      type: simple
      section: 
      file: 
      path: 
  label: Theme
- name: title
  type: text
  config:
    required: true
    min: 
  label: Title
- name: subtitle
  type: text
  config:
    required: false
  label: Subtitle
- name: content
  type: textarea
  default: ''
  config:
    required: true
    wysiwyg: true
    schema:
      format: markdown
  label: Content
- name: ctas
  type: field_group_list
  fields:
  - name: text
    type: text
    config:
      required: true
    label: Text
  - name: url
    type: text
    config:
      required: true
    label: URL
  config:
    min: 
    max: 
    labelField: 
  label: Calls to action
