---
label: TextBlock
hide_body: false
display_field: title
fields:
- name: title
  type: text
  config:
    required: true
    min: 
  label: Title
- name: subtitle
  type: text
  config:
    required: false
  label: Subtitle
- name: cta
  type: include
  config: {}
  template: call-to-action
  label: Call to Action
